
Microsoft Visual Studio Solution File, Format Version 12.00
# Visual Studio Version 17
VisualStudioVersion = 17.9.34902.65
MinimumVisualStudioVersion = 10.0.40219.1
Project("{FAE04EC0-301F-11D3-BF4B-00C04F79EFBC}") = "SiloAssessment.WebApi", "SiloAssessment.WebApi\SiloAssessment.WebApi.csproj", "{5A7F7D2A-05B5-4B47-8841-B664F03A5A1E}"
EndProject
Project("{FAE04EC0-301F-11D3-BF4B-00C04F79EFBC}") = "SiloAssessment.Application", "SiloAssessment.Application\SiloAssessment.Application.csproj", "{7704FE96-D30A-4935-AB26-43CA8A06F87F}"
EndProject
Project("{FAE04EC0-301F-11D3-BF4B-00C04F79EFBC}") = "SiloAssessment.Infrastructure", "SiloAssessment.Infrastructure\SiloAssessment.Infrastructure.csproj", "{AC4146C5-8B2A-4480-8193-F57434C3C7CA}"
EndProject
Project("{FAE04EC0-301F-11D3-BF4B-00C04F79EFBC}") = "SiloAssessment.Domain", "SiloAssessment.Domain\SiloAssessment.Domain.csproj", "{176D3B19-1AF9-40B0-99CF-28DBBC4911D3}"
EndProject
Project("{FAE04EC0-301F-11D3-BF4B-00C04F79EFBC}") = "SiloAssessment.tests", "SiloAssessment.tests\SiloAssessment.tests.csproj", "{35EA6965-5BEA-401C-B190-B4ED98487B71}"
EndProject
Global
	GlobalSection(SolutionConfigurationPlatforms) = preSolution
		Debug|Any CPU = Debug|Any CPU
		Release|Any CPU = Release|Any CPU
	EndGlobalSection
	GlobalSection(ProjectConfigurationPlatforms) = postSolution
		{5A7F7D2A-05B5-4B47-8841-B664F03A5A1E}.Debug|Any CPU.ActiveCfg = Debug|Any CPU
		{5A7F7D2A-05B5-4B47-8841-B664F03A5A1E}.Debug|Any CPU.Build.0 = Debug|Any CPU
		{5A7F7D2A-05B5-4B47-8841-B664F03A5A1E}.Release|Any CPU.ActiveCfg = Release|Any CPU
		{5A7F7D2A-05B5-4B47-8841-B664F03A5A1E}.Release|Any CPU.Build.0 = Release|Any CPU
		{7704FE96-D30A-4935-AB26-43CA8A06F87F}.Debug|Any CPU.ActiveCfg = Debug|Any CPU
		{7704FE96-D30A-4935-AB26-43CA8A06F87F}.Debug|Any CPU.Build.0 = Debug|Any CPU
		{7704FE96-D30A-4935-AB26-43CA8A06F87F}.Release|Any CPU.ActiveCfg = Release|Any CPU
		{7704FE96-D30A-4935-AB26-43CA8A06F87F}.Release|Any CPU.Build.0 = Release|Any CPU
		{AC4146C5-8B2A-4480-8193-F57434C3C7CA}.Debug|Any CPU.ActiveCfg = Debug|Any CPU
		{AC4146C5-8B2A-4480-8193-F57434C3C7CA}.Debug|Any CPU.Build.0 = Debug|Any CPU
		{AC4146C5-8B2A-4480-8193-F57434C3C7CA}.Release|Any CPU.ActiveCfg = Release|Any CPU
		{AC4146C5-8B2A-4480-8193-F57434C3C7CA}.Release|Any CPU.Build.0 = Release|Any CPU
		{176D3B19-1AF9-40B0-99CF-28DBBC4911D3}.Debug|Any CPU.ActiveCfg = Debug|Any CPU
		{176D3B19-1AF9-40B0-99CF-28DBBC4911D3}.Debug|Any CPU.Build.0 = Debug|Any CPU
		{176D3B19-1AF9-40B0-99CF-28DBBC4911D3}.Release|Any CPU.ActiveCfg = Release|Any CPU
		{176D3B19-1AF9-40B0-99CF-28DBBC4911D3}.Release|Any CPU.Build.0 = Release|Any CPU
		{35EA6965-5BEA-401C-B190-B4ED98487B71}.Debug|Any CPU.ActiveCfg = Debug|Any CPU
		{35EA6965-5BEA-401C-B190-B4ED98487B71}.Debug|Any CPU.Build.0 = Debug|Any CPU
		{35EA6965-5BEA-401C-B190-B4ED98487B71}.Release|Any CPU.ActiveCfg = Release|Any CPU
		{35EA6965-5BEA-401C-B190-B4ED98487B71}.Release|Any CPU.Build.0 = Release|Any CPU
	EndGlobalSection
	GlobalSection(SolutionProperties) = preSolution
		HideSolutionNode = FALSE
	EndGlobalSection
	GlobalSection(ExtensibilityGlobals) = postSolution
		SolutionGuid = {329B9807-0A0C-455A-97C5-A05961082093}
	EndGlobalSection
EndGlobal
